
Microsoft Visual Studio Solution File, Format Version 12.00
# Visual Studio Version 17
VisualStudioVersion = 17.5.33530.505
MinimumVisualStudioVersion = 10.0.40219.1
Project("{FAE04EC0-301F-11D3-BF4B-00C04F79EFBC}") = "RegexDemo", "Regex_Demo\RegexDemo.csproj", "{5BAD59F7-9B34-46D1-80F3-4F29C2CBD3D7}"
EndProject
Global
	GlobalSection(SolutionConfigurationPlatforms) = preSolution
		Debug|Any CPU = Debug|Any CPU
		Release|Any CPU = Release|Any CPU
	EndGlobalSection
	GlobalSection(ProjectConfigurationPlatforms) = postSolution
		{5BAD59F7-9B34-46D1-80F3-4F29C2CBD3D7}.Debug|Any CPU.ActiveCfg = Debug|Any CPU
		{5BAD59F7-9B34-46D1-80F3-4F29C2CBD3D7}.Debug|Any CPU.Build.0 = Debug|Any CPU
		{5BAD59F7-9B34-46D1-80F3-4F29C2CBD3D7}.Release|Any CPU.ActiveCfg = Release|Any CPU
		{5BAD59F7-9B34-46D1-80F3-4F29C2CBD3D7}.Release|Any CPU.Build.0 = Release|Any CPU
	EndGlobalSection
	GlobalSection(SolutionProperties) = preSolution
		HideSolutionNode = FALSE
	EndGlobalSection
	GlobalSection(ExtensibilityGlobals) = postSolution
		SolutionGuid = {A902B16C-B4B5-463A-867F-5D4DB9D7B432}
	EndGlobalSection
EndGlobal
